{
	"name": "@shawnsandy/css-modal",
	"version": "0.1.0",
	"lockfileVersion": 1,
	"requires": true,
	"dependencies": {
		"core-js": {
			"version": "2.6.9",
			"resolved": "https://registry.npmjs.org/core-js/-/core-js-2.6.9.tgz",
			"integrity": "sha512-HOpZf6eXmnl7la+cUdMnLvUxKNqLUzJvgIziQ0DiF3JwSImNphIqdGqzj6hIKyX04MmV0poclQ7+wjWvxQyR2A=="
		},
		"vue": {
			"version": "2.6.10",
			"resolved": "https://registry.npmjs.org/vue/-/vue-2.6.10.tgz",
			"integrity": "sha512-ImThpeNU9HbdZL3utgMCq0oiMzAkt1mcgy3/E6zWC/G6AaQoeuFdsl9nDhTDU3X1R6FK7nsIUuRACVcjI+A2GQ=="
		}
	}
}
