{
	"name": "@shawnsandy/bootstrap-lite",
	"version": "0.0.5",
	"lockfileVersion": 1,
	"requires": true,
	"dependencies": {
		"blacktie-js": {
			"version": "file:../blacktie-js",
			"requires": {
				"@shawnsandy/eleventy_atomic_plugin": "file:../eleventy_atomic_plugin",
				"@shawnsandy/npm_info": "file:../npm_info",
				"bootstrap": "^4.3.1",
				"lodash": "^4.17.11"
			}
		},
		"bootstrap": {
			"version": "4.3.1",
			"resolved": "https://registry.npmjs.org/bootstrap/-/bootstrap-4.3.1.tgz",
			"integrity": "sha512-rXqOmH1VilAt2DyPzluTi2blhk17bO7ef+zLLPlWvG494pDxcM234pJ8wTc/6R40UWizAIIMgxjvxZg5kmsbag=="
		}
	}
}
